
Microsoft Visual Studio Solution File, Format Version 12.00
# Visual Studio Version 17
VisualStudioVersion = 17.1.32414.318
MinimumVisualStudioVersion = 10.0.40219.1
Project("{FAE04EC0-301F-11D3-BF4B-00C04F79EFBC}") = "Homework_10", "Homework_10\Homework_10.csproj", "{B30E8D8F-6A7C-4C23-BD72-BBEFDB745417}"
EndProject
Global
	GlobalSection(SolutionConfigurationPlatforms) = preSolution
		Debug|Any CPU = Debug|Any CPU
		Release|Any CPU = Release|Any CPU
	EndGlobalSection
	GlobalSection(ProjectConfigurationPlatforms) = postSolution
		{B30E8D8F-6A7C-4C23-BD72-BBEFDB745417}.Debug|Any CPU.ActiveCfg = Debug|Any CPU
		{B30E8D8F-6A7C-4C23-BD72-BBEFDB745417}.Debug|Any CPU.Build.0 = Debug|Any CPU
		{B30E8D8F-6A7C-4C23-BD72-BBEFDB745417}.Release|Any CPU.ActiveCfg = Release|Any CPU
		{B30E8D8F-6A7C-4C23-BD72-BBEFDB745417}.Release|Any CPU.Build.0 = Release|Any CPU
	EndGlobalSection
	GlobalSection(SolutionProperties) = preSolution
		HideSolutionNode = FALSE
	EndGlobalSection
	GlobalSection(ExtensibilityGlobals) = postSolution
		SolutionGuid = {45C41622-E5BF-4CAA-A783-0C22F3CDA0F7}
	EndGlobalSection
EndGlobal
